{"is_source_file": true, "file_id": 21, "git_revision": "c339c81364a22ab06cae06304cfd3a832df278e8", "state": 1, "description": "", "external_files": [], "external_methods": [], "published": [], "classes": [], "methods": [], "calls": [], "search-terms": [], "filename": "/home/kavia/workspace/code-generation/newspulse-102288-dccfdee7/newspulse_frontend/post_process_status.lock", "hash": "e9b4c3b42cef0193b7fddb548d37e652", "format-version": 4, "code-base-name": "default", "knowledge_revision": 60}